
Microsoft Visual Studio Solution File, Format Version 12.00
# Visual Studio 2013
VisualStudioVersion = 12.0.31101.0
MinimumVisualStudioVersion = 10.0.40219.1
Project("{FAE04EC0-301F-11D3-BF4B-00C04F79EFBC}") = "Potoo", "Potoo\Potoo.csproj", "{CC54EEDD-3012-4163-90B7-C2390E3EECD8}"
EndProject
Project("{FAE04EC0-301F-11D3-BF4B-00C04F79EFBC}") = "Potoo.Tests", "Potoo.Tests\Potoo.Tests.csproj", "{E51B8EB4-53FD-4337-BE88-6B7F09B45419}"
EndProject
Global
	GlobalSection(SolutionConfigurationPlatforms) = preSolution
		Debug|Any CPU = Debug|Any CPU
		Debug|ARM = Debug|ARM
		Debug|x64 = Debug|x64
		Debug|x86 = Debug|x86
		Release|Any CPU = Release|Any CPU
		Release|ARM = Release|ARM
		Release|x64 = Release|x64
		Release|x86 = Release|x86
	EndGlobalSection
	GlobalSection(ProjectConfigurationPlatforms) = postSolution
		{CC54EEDD-3012-4163-90B7-C2390E3EECD8}.Debug|Any CPU.ActiveCfg = Debug|Any CPU
		{CC54EEDD-3012-4163-90B7-C2390E3EECD8}.Debug|Any CPU.Build.0 = Debug|Any CPU
		{CC54EEDD-3012-4163-90B7-C2390E3EECD8}.Debug|ARM.ActiveCfg = Debug|Any CPU
		{CC54EEDD-3012-4163-90B7-C2390E3EECD8}.Debug|x64.ActiveCfg = Debug|Any CPU
		{CC54EEDD-3012-4163-90B7-C2390E3EECD8}.Debug|x86.ActiveCfg = Debug|Any CPU
		{CC54EEDD-3012-4163-90B7-C2390E3EECD8}.Release|Any CPU.ActiveCfg = Release|Any CPU
		{CC54EEDD-3012-4163-90B7-C2390E3EECD8}.Release|Any CPU.Build.0 = Release|Any CPU
		{CC54EEDD-3012-4163-90B7-C2390E3EECD8}.Release|ARM.ActiveCfg = Release|Any CPU
		{CC54EEDD-3012-4163-90B7-C2390E3EECD8}.Release|x64.ActiveCfg = Release|Any CPU
		{CC54EEDD-3012-4163-90B7-C2390E3EECD8}.Release|x86.ActiveCfg = Release|Any CPU
		{E51B8EB4-53FD-4337-BE88-6B7F09B45419}.Debug|Any CPU.ActiveCfg = Debug|Any CPU
		{E51B8EB4-53FD-4337-BE88-6B7F09B45419}.Debug|Any CPU.Build.0 = Debug|Any CPU
		{E51B8EB4-53FD-4337-BE88-6B7F09B45419}.Debug|ARM.ActiveCfg = Debug|Any CPU
		{E51B8EB4-53FD-4337-BE88-6B7F09B45419}.Debug|x64.ActiveCfg = Debug|Any CPU
		{E51B8EB4-53FD-4337-BE88-6B7F09B45419}.Debug|x86.ActiveCfg = Debug|Any CPU
		{E51B8EB4-53FD-4337-BE88-6B7F09B45419}.Release|Any CPU.ActiveCfg = Release|Any CPU
		{E51B8EB4-53FD-4337-BE88-6B7F09B45419}.Release|Any CPU.Build.0 = Release|Any CPU
		{E51B8EB4-53FD-4337-BE88-6B7F09B45419}.Release|ARM.ActiveCfg = Release|Any CPU
		{E51B8EB4-53FD-4337-BE88-6B7F09B45419}.Release|x64.ActiveCfg = Release|Any CPU
		{E51B8EB4-53FD-4337-BE88-6B7F09B45419}.Release|x86.ActiveCfg = Release|Any CPU
	EndGlobalSection
	GlobalSection(SolutionProperties) = preSolution
		HideSolutionNode = FALSE
	EndGlobalSection
EndGlobal
